
Microsoft Visual Studio Solution File, Format Version 12.00
# Visual Studio Version 17
VisualStudioVersion = 17.4.33110.190
MinimumVisualStudioVersion = 10.0.40219.1
Project("{FAE04EC0-301F-11D3-BF4B-00C04F79EFBC}") = "swe331_seminar_b20fa1709_dorjnyambuu", "swe331_seminar_b20fa1709_dorjnyambuu\swe331_seminar_b20fa1709_dorjnyambuu.csproj", "{ADB7055C-8A37-4B70-8B8B-AB249511332D}"
EndProject
Global
	GlobalSection(SolutionConfigurationPlatforms) = preSolution
		Debug|Any CPU = Debug|Any CPU
		Release|Any CPU = Release|Any CPU
	EndGlobalSection
	GlobalSection(ProjectConfigurationPlatforms) = postSolution
		{ADB7055C-8A37-4B70-8B8B-AB249511332D}.Debug|Any CPU.ActiveCfg = Debug|Any CPU
		{ADB7055C-8A37-4B70-8B8B-AB249511332D}.Debug|Any CPU.Build.0 = Debug|Any CPU
		{ADB7055C-8A37-4B70-8B8B-AB249511332D}.Release|Any CPU.ActiveCfg = Release|Any CPU
		{ADB7055C-8A37-4B70-8B8B-AB249511332D}.Release|Any CPU.Build.0 = Release|Any CPU
	EndGlobalSection
	GlobalSection(SolutionProperties) = preSolution
		HideSolutionNode = FALSE
	EndGlobalSection
	GlobalSection(ExtensibilityGlobals) = postSolution
		SolutionGuid = {F153F712-111B-4A9E-A199-DEC234297508}
	EndGlobalSection
EndGlobal
